
Microsoft Visual Studio Solution File, Format Version 12.00
# Visual Studio Version 17
VisualStudioVersion = 17.13.35931.197 d17.13
MinimumVisualStudioVersion = 10.0.40219.1
Project("{FAE04EC0-301F-11D3-BF4B-00C04F79EFBC}") = "NixonRandy_TaskProject", "NixonRandy_TaskProject.csproj", "{97137837-8A03-4D4D-9255-F9663F719D1B}"
EndProject
Global
	GlobalSection(SolutionConfigurationPlatforms) = preSolution
		Debug|Any CPU = Debug|Any CPU
		Release|Any CPU = Release|Any CPU
	EndGlobalSection
	GlobalSection(ProjectConfigurationPlatforms) = postSolution
		{97137837-8A03-4D4D-9255-F9663F719D1B}.Debug|Any CPU.ActiveCfg = Debug|Any CPU
		{97137837-8A03-4D4D-9255-F9663F719D1B}.Debug|Any CPU.Build.0 = Debug|Any CPU
		{97137837-8A03-4D4D-9255-F9663F719D1B}.Release|Any CPU.ActiveCfg = Release|Any CPU
		{97137837-8A03-4D4D-9255-F9663F719D1B}.Release|Any CPU.Build.0 = Release|Any CPU
	EndGlobalSection
	GlobalSection(SolutionProperties) = preSolution
		HideSolutionNode = FALSE
	EndGlobalSection
	GlobalSection(ExtensibilityGlobals) = postSolution
		SolutionGuid = {AAA10FA6-DB07-47AB-BB11-D724969ABD0B}
	EndGlobalSection
EndGlobal
