
Microsoft Visual Studio Solution File, Format Version 12.00
# Visual Studio Version 17
VisualStudioVersion = 17.13.35931.197 d17.13
MinimumVisualStudioVersion = 10.0.40219.1
Project("{FAE04EC0-301F-11D3-BF4B-00C04F79EFBC}") = "NixonRandy_ProjectTasks1.0", "NixonRandy_ProjectTasks1.0.csproj", "{DDABDC19-BF10-4F35-96EE-1D2E52DC8507}"
EndProject
Global
	GlobalSection(SolutionConfigurationPlatforms) = preSolution
		Debug|Any CPU = Debug|Any CPU
		Release|Any CPU = Release|Any CPU
	EndGlobalSection
	GlobalSection(ProjectConfigurationPlatforms) = postSolution
		{DDABDC19-BF10-4F35-96EE-1D2E52DC8507}.Debug|Any CPU.ActiveCfg = Debug|Any CPU
		{DDABDC19-BF10-4F35-96EE-1D2E52DC8507}.Debug|Any CPU.Build.0 = Debug|Any CPU
		{DDABDC19-BF10-4F35-96EE-1D2E52DC8507}.Release|Any CPU.ActiveCfg = Release|Any CPU
		{DDABDC19-BF10-4F35-96EE-1D2E52DC8507}.Release|Any CPU.Build.0 = Release|Any CPU
	EndGlobalSection
	GlobalSection(SolutionProperties) = preSolution
		HideSolutionNode = FALSE
	EndGlobalSection
	GlobalSection(ExtensibilityGlobals) = postSolution
		SolutionGuid = {B7A85598-20BF-42EC-802A-A057B4D0C5D5}
	EndGlobalSection
EndGlobal
